
Microsoft Visual Studio Solution File, Format Version 12.00
# Visual Studio Version 17
VisualStudioVersion = 17.6.33723.286
MinimumVisualStudioVersion = 10.0.40219.1
Project("{9A19103F-16F7-4668-BE54-9A1E7A4F7556}") = "FastFood.Data", "src\FastFood.Data\FastFood.Data.csproj", "{F8E3AE58-0275-4350-B3E2-82536E479E4E}"
EndProject
Project("{9A19103F-16F7-4668-BE54-9A1E7A4F7556}") = "FastFood.Domain", "src\FastFood.Domain\FastFood.Domain.csproj", "{E4AA5046-6CE5-4189-BBF9-204F21B7E598}"
EndProject
Project("{9A19103F-16F7-4668-BE54-9A1E7A4F7556}") = "FastFood.Service", "src\FastFood.Service\FastFood.Service.csproj", "{AF9B6A44-678B-4A87-80C7-32B47354EC9B}"
EndProject
Project("{9A19103F-16F7-4668-BE54-9A1E7A4F7556}") = "FastFood.WebApi", "src\FastFood.WebApi\FastFood.WebApi.csproj", "{A1F29C2D-8BDE-4F30-8419-E9AFA5BF8A20}"
EndProject
Global
	GlobalSection(SolutionConfigurationPlatforms) = preSolution
		Debug|Any CPU = Debug|Any CPU
		Release|Any CPU = Release|Any CPU
	EndGlobalSection
	GlobalSection(ProjectConfigurationPlatforms) = postSolution
		{F8E3AE58-0275-4350-B3E2-82536E479E4E}.Debug|Any CPU.ActiveCfg = Debug|Any CPU
		{F8E3AE58-0275-4350-B3E2-82536E479E4E}.Debug|Any CPU.Build.0 = Debug|Any CPU
		{F8E3AE58-0275-4350-B3E2-82536E479E4E}.Release|Any CPU.ActiveCfg = Release|Any CPU
		{F8E3AE58-0275-4350-B3E2-82536E479E4E}.Release|Any CPU.Build.0 = Release|Any CPU
		{E4AA5046-6CE5-4189-BBF9-204F21B7E598}.Debug|Any CPU.ActiveCfg = Debug|Any CPU
		{E4AA5046-6CE5-4189-BBF9-204F21B7E598}.Debug|Any CPU.Build.0 = Debug|Any CPU
		{E4AA5046-6CE5-4189-BBF9-204F21B7E598}.Release|Any CPU.ActiveCfg = Release|Any CPU
		{E4AA5046-6CE5-4189-BBF9-204F21B7E598}.Release|Any CPU.Build.0 = Release|Any CPU
		{AF9B6A44-678B-4A87-80C7-32B47354EC9B}.Debug|Any CPU.ActiveCfg = Debug|Any CPU
		{AF9B6A44-678B-4A87-80C7-32B47354EC9B}.Debug|Any CPU.Build.0 = Debug|Any CPU
		{AF9B6A44-678B-4A87-80C7-32B47354EC9B}.Release|Any CPU.ActiveCfg = Release|Any CPU
		{AF9B6A44-678B-4A87-80C7-32B47354EC9B}.Release|Any CPU.Build.0 = Release|Any CPU
		{A1F29C2D-8BDE-4F30-8419-E9AFA5BF8A20}.Debug|Any CPU.ActiveCfg = Debug|Any CPU
		{A1F29C2D-8BDE-4F30-8419-E9AFA5BF8A20}.Debug|Any CPU.Build.0 = Debug|Any CPU
		{A1F29C2D-8BDE-4F30-8419-E9AFA5BF8A20}.Release|Any CPU.ActiveCfg = Release|Any CPU
		{A1F29C2D-8BDE-4F30-8419-E9AFA5BF8A20}.Release|Any CPU.Build.0 = Release|Any CPU
	EndGlobalSection
	GlobalSection(SolutionProperties) = preSolution
		HideSolutionNode = FALSE
	EndGlobalSection
	GlobalSection(ExtensibilityGlobals) = postSolution
		SolutionGuid = {3254DB7A-B916-4693-AFDA-E818C8F98BF2}
	EndGlobalSection
EndGlobal
